
Microsoft Visual Studio Solution File, Format Version 12.00
# Visual Studio Version 17
VisualStudioVersion = 17.14.36414.22 d17.14
MinimumVisualStudioVersion = 10.0.40219.1
Project("{FAE04EC0-301F-11D3-BF4B-00C04F79EFBC}") = "Automatic Pet Feeder", "Automatic Pet Feeder.csproj", "{B82C1AC5-1A70-48E4-97B6-344A91EB0A97}"
EndProject
Global
	GlobalSection(SolutionConfigurationPlatforms) = preSolution
		Debug|Any CPU = Debug|Any CPU
		Release|Any CPU = Release|Any CPU
	EndGlobalSection
	GlobalSection(ProjectConfigurationPlatforms) = postSolution
		{B82C1AC5-1A70-48E4-97B6-344A91EB0A97}.Debug|Any CPU.ActiveCfg = Debug|Any CPU
		{B82C1AC5-1A70-48E4-97B6-344A91EB0A97}.Debug|Any CPU.Build.0 = Debug|Any CPU
		{B82C1AC5-1A70-48E4-97B6-344A91EB0A97}.Release|Any CPU.ActiveCfg = Release|Any CPU
		{B82C1AC5-1A70-48E4-97B6-344A91EB0A97}.Release|Any CPU.Build.0 = Release|Any CPU
	EndGlobalSection
	GlobalSection(SolutionProperties) = preSolution
		HideSolutionNode = FALSE
	EndGlobalSection
	GlobalSection(ExtensibilityGlobals) = postSolution
		SolutionGuid = {DBEC3EC5-3177-4483-AE19-836B803884DC}
	EndGlobalSection
EndGlobal
